Lr! D�CDD�R3�91!4�!!H,@�D@�-���yhrG���j��m�ޗ�e����k�>��iz������*'�M+z�%��a��l��ނ+-�,��zd��&������z_���"��a��,��������m�~�[�����0��^����m4��}�_{w6�V��N�k��k������6q�Z{����i����ޱ�~�֠{�5�KޮȨ�]t��(�����i���z����j��(���k��m�~���z߬��������z_�����-j���u��3i�m�<խi��w~_�f�k��wW�����u�^�קr'�m�ޗ�e����^rO��m5��(��Z��:�F�m�~�[����{Z��kj)b���w-���r��jζ�F�m�~�[������~����2�ϭ����ڶ��׭i����n�)������+���My�׬��������F�m�~�[������~����6�^~~�ܶ*'�v�{�tm�ޗ�e����ڞ��o��m5��v�^��(�j'�ε�F�m�~�[������~����6�^~��ڙ�^�ζ�F�m�~�[������~����6�^~���i޼Ѷ�z_���"��kj{���zʹן��'$��ށ�z�F�m�~�[������~����6�^~�x��׾��ǭuѶ�z_���"��kj{���{h��퉫b����ڶ���JZrF�{�Z�vѫ����z_�����kj{�����-���z������*'�M+z�%��a��l��ނ+-�,��zd��&������z_�����kj{�����-���z�����z_�����kj{�����-���zϷ�K`��^w]}���w�V��ݸѦ���uk��ӯ_�שzw^�Ȟ������z_���"��a��,������F�m�~�[�����0z��٫��
�W�j�&�Ͷ����*'�m+z�%��a��l��ނ+-�,��zd��&����
�W�j�&����
�W�j�&�϶�K`�޶�N:~=��_����]����Oz���ݸ�שzw^�Ȟ�
�q�����]u�k����j�t׋%�׵ח(��+u��{��i�u�KޮȨ�]4��(�����i���z����j��(��(��+u��{��i����i�~�M-�7�wwM�{�vշ��εwN[s~u馜ۗ�߇^���zw"zƫ�'��MZm�޿[ޮȨ�]t��(�����i���z����j��(���n�����m�޿�u��3wNy�Ͷ箷��移sg�i�|��9���w�_i���5�v�q�m�]���슉��z޲�oy�m��?�����k�&��� r��i���?���q�m��w��3sw���:��7{G}sW���]����g6�u�^�קr'��)��ܩz͵�Yނ�bj�+ӭZr���ܧjh��)���v�KޮȨ�m6��(�����i���z����j��(������w)ښ'>�jh�����(���v��Ϣ��+�����3s�vmݵѷ��y�V�s���<���y��8u�^�קr'�i�+��7i�+��%����}4��슉��J޲�oy�m��?�����k�&��� r��i�+��%������i�+��%��������3}�6�G������zoM8}�<��w���v��V�u�^�קr'�i�+��8i�+����}4��슉��Z޲�oy�m��?�����k�&��� r��i�+������i�+��������3i�_��<}�^q���~<���g�뇷ٮ|o~�u�^�קr'�i�+�}8i�+�}8i�+�}t��슉��J޲�oy�m��?�����k�&��� r��i�+���i�+�����3㗷�����kw�嶞{w��~�{f�����^�i�+��7i�+��8��슉��]�z�%��a��l��ނ+-�,��zd��&��(����(���]�=t�yi�w�Wz�����\�nu�g�i��۝�󶜢���F�����[ޮȨ��u��(�����i���z����j��(�������������]m�>w}�z�]u�vi�}���ѭs���g�����M/z�"�}�ҷ��[�vm�����"���ɪ�H�o�zϣ���i�>�Ϸ�K`���u�tiޜ�Nw��[q��u��ѽ=u���u��z�<����*'��kz�%��a��l��ނ+-�,��zd��&���z�����z���[`ͦ�w������޼קw�^_������:u޶����G�ݳ]4��슉��Z޲�oy�m��?�����k�&��� r��j;��찢�l��ڎ��{,(��>םm�=���tk��߯i��}�\燝{�{տ<�֟�ƣ���
+vʹ����*'�]+z�%��a��l��ނ+-�,��zd��&����G�ݳ��j;��찢�l�mt���ޞ׷�m����\{��{G^�wv����^�u���;Ѩ���oz�"�~5��޲�oy�m��?�����k�&��� r��j;������5��`�͟}�6oo^뭚{��uʹi�y���Ӯ���w�שzw^�Ȟ��8�H�����{�-�)�����V���4j;�כޮȨ�����(�����i���z����j��(������j;��m��>;s��׼��]����v�Ӿ���uηu�^��^���zw"z�(�j�~u���j]t�;(������ڽ��{M��'��ZnW������]5jX���^��5թb��{t�{ޮȨ�Mx��(�����i���z����j��(����	���m��ږ('�ױ��5��3��}Ѯz�Ow~]ѯ}۞��f�ӯx�w�w]{u�^�קr'��)�����ih���]5��^j߬����^vjZaj{���+�]5jZaj{���+�]6��슉��j޲�oy�m��?�����k�&��� r��jZaj{���+���jZaj{���+��t��3����_z����V��~���_��<�s��{F�jg^~)�